
Microsoft Visual Studio Solution File, Format Version 12.00
# Visual Studio Version 17
VisualStudioVersion = 17.13.35913.81 d17.13
MinimumVisualStudioVersion = 10.0.40219.1
Project("{FAE04EC0-301F-11D3-BF4B-00C04F79EFBC}") = "Ping-Pong", "Ping-Pong\Ping-Pong.csproj", "{B4BA9846-F068-4551-88C5-C90908EEEB93}"
EndProject
Project("{FAE04EC0-301F-11D3-BF4B-00C04F79EFBC}") = "Ping-PongClassLibrary", "Ping-PongClassLibrary\Ping-PongClassLibrary.csproj", "{2C1FC633-6815-4654-AE19-68CD0426AC0F}"
EndProject
Global
	GlobalSection(SolutionConfigurationPlatforms) = preSolution
		Debug|Any CPU = Debug|Any CPU
		Release|Any CPU = Release|Any CPU
	EndGlobalSection
	GlobalSection(ProjectConfigurationPlatforms) = postSolution
		{B4BA9846-F068-4551-88C5-C90908EEEB93}.Debug|Any CPU.ActiveCfg = Debug|Any CPU
		{B4BA9846-F068-4551-88C5-C90908EEEB93}.Debug|Any CPU.Build.0 = Debug|Any CPU
		{B4BA9846-F068-4551-88C5-C90908EEEB93}.Release|Any CPU.ActiveCfg = Release|Any CPU
		{B4BA9846-F068-4551-88C5-C90908EEEB93}.Release|Any CPU.Build.0 = Release|Any CPU
		{2C1FC633-6815-4654-AE19-68CD0426AC0F}.Debug|Any CPU.ActiveCfg = Debug|Any CPU
		{2C1FC633-6815-4654-AE19-68CD0426AC0F}.Debug|Any CPU.Build.0 = Debug|Any CPU
		{2C1FC633-6815-4654-AE19-68CD0426AC0F}.Release|Any CPU.ActiveCfg = Release|Any CPU
		{2C1FC633-6815-4654-AE19-68CD0426AC0F}.Release|Any CPU.Build.0 = Release|Any CPU
	EndGlobalSection
	GlobalSection(SolutionProperties) = preSolution
		HideSolutionNode = FALSE
	EndGlobalSection
	GlobalSection(ExtensibilityGlobals) = postSolution
		SolutionGuid = {A1B0FE2A-B211-48E9-8E68-7659D66DD27E}
	EndGlobalSection
EndGlobal
